
Microsoft Visual Studio Solution File, Format Version 12.00
# Visual Studio Version 16
VisualStudioVersion = 16.0.29403.142
MinimumVisualStudioVersion = 10.0.40219.1
Project("{FAE04EC0-301F-11D3-BF4B-00C04F79EFBC}") = "Assembly", "Assembly\Assembly.csproj", "{7465BB14-B5BF-41F3-87D2-56D3377E353C}"
EndProject
Project("{9A19103F-16F7-4668-BE54-9A1E7A4F7556}") = "Precedence", "..\..\..\03_Precedence\Precedence\Precedence\Precedence\Precedence.csproj", "{739F5FDF-5E1F-401E-ACDE-5231FDB63142}"
EndProject
Global
	GlobalSection(SolutionConfigurationPlatforms) = preSolution
		Debug|Any CPU = Debug|Any CPU
		Release|Any CPU = Release|Any CPU
	EndGlobalSection
	GlobalSection(ProjectConfigurationPlatforms) = postSolution
		{7465BB14-B5BF-41F3-87D2-56D3377E353C}.Debug|Any CPU.ActiveCfg = Debug|Any CPU
		{7465BB14-B5BF-41F3-87D2-56D3377E353C}.Debug|Any CPU.Build.0 = Debug|Any CPU
		{7465BB14-B5BF-41F3-87D2-56D3377E353C}.Release|Any CPU.ActiveCfg = Release|Any CPU
		{7465BB14-B5BF-41F3-87D2-56D3377E353C}.Release|Any CPU.Build.0 = Release|Any CPU
		{739F5FDF-5E1F-401E-ACDE-5231FDB63142}.Debug|Any CPU.ActiveCfg = Debug|Any CPU
		{739F5FDF-5E1F-401E-ACDE-5231FDB63142}.Debug|Any CPU.Build.0 = Debug|Any CPU
		{739F5FDF-5E1F-401E-ACDE-5231FDB63142}.Release|Any CPU.ActiveCfg = Release|Any CPU
		{739F5FDF-5E1F-401E-ACDE-5231FDB63142}.Release|Any CPU.Build.0 = Release|Any CPU
	EndGlobalSection
	GlobalSection(SolutionProperties) = preSolution
		HideSolutionNode = FALSE
	EndGlobalSection
	GlobalSection(ExtensibilityGlobals) = postSolution
		SolutionGuid = {FE917201-D5BF-40DC-82FE-41ADADA3288B}
	EndGlobalSection
EndGlobal
