
Microsoft Visual Studio Solution File, Format Version 12.00
# Visual Studio Version 16
VisualStudioVersion = 16.0.29403.142
MinimumVisualStudioVersion = 10.0.40219.1
Project("{FAE04EC0-301F-11D3-BF4B-00C04F79EFBC}") = "Parser", "Parser\Parser.csproj", "{BAA7DF7C-6A1D-47B7-B3AB-3E3B233325B9}"
EndProject
Project("{9A19103F-16F7-4668-BE54-9A1E7A4F7556}") = "Scanner", "..\..\..\01_Scanner\Scanner\Scanner\Scanner.csproj", "{CE1362B1-CEDF-43AC-B6CE-56E86CAA841B}"
EndProject
Global
	GlobalSection(SolutionConfigurationPlatforms) = preSolution
		Debug|Any CPU = Debug|Any CPU
		Release|Any CPU = Release|Any CPU
	EndGlobalSection
	GlobalSection(ProjectConfigurationPlatforms) = postSolution
		{BAA7DF7C-6A1D-47B7-B3AB-3E3B233325B9}.Debug|Any CPU.ActiveCfg = Debug|Any CPU
		{BAA7DF7C-6A1D-47B7-B3AB-3E3B233325B9}.Debug|Any CPU.Build.0 = Debug|Any CPU
		{BAA7DF7C-6A1D-47B7-B3AB-3E3B233325B9}.Release|Any CPU.ActiveCfg = Release|Any CPU
		{BAA7DF7C-6A1D-47B7-B3AB-3E3B233325B9}.Release|Any CPU.Build.0 = Release|Any CPU
		{CE1362B1-CEDF-43AC-B6CE-56E86CAA841B}.Debug|Any CPU.ActiveCfg = Debug|Any CPU
		{CE1362B1-CEDF-43AC-B6CE-56E86CAA841B}.Debug|Any CPU.Build.0 = Debug|Any CPU
		{CE1362B1-CEDF-43AC-B6CE-56E86CAA841B}.Release|Any CPU.ActiveCfg = Release|Any CPU
		{CE1362B1-CEDF-43AC-B6CE-56E86CAA841B}.Release|Any CPU.Build.0 = Release|Any CPU
	EndGlobalSection
	GlobalSection(SolutionProperties) = preSolution
		HideSolutionNode = FALSE
	EndGlobalSection
	GlobalSection(ExtensibilityGlobals) = postSolution
		SolutionGuid = {BBBBB535-9D16-4E04-8CA9-65C2BAD3B30B}
	EndGlobalSection
EndGlobal
